// !$*UTF8*$!
{
	archiveVersion = 1;
	classes = {
	};
	objectVersion = 51;
	objects = {

/* Begin PBXBuildFile section */
		1EE6D8310A37D7CCCEE740EF /* Pods_TestTaskWeather_TestTaskWeatherUITests.framework in Frameworks */ = {isa = PBXBuildFile; fileRef = 3A633C833F844668178CAC2C /* Pods_TestTaskWeather_TestTaskWeatherUITests.framework */; };
		846467852549ACFB0091EEAC /* AppDelegate.swift in Sources */ = {isa = PBXBuildFile; fileRef = 846467842549ACFB0091EEAC /* AppDelegate.swift */; };
		846467872549ACFB0091EEAC /* SceneDelegate.swift in Sources */ = {isa = PBXBuildFile; fileRef = 846467862549ACFB0091EEAC /* SceneDelegate.swift */; };
		8464678E2549ACFD0091EEAC /* Assets.xcassets in Resources */ = {isa = PBXBuildFile; fileRef = 8464678D2549ACFD0091EEAC /* Assets.xcassets */; };
		846467912549ACFD0091EEAC /* LaunchScreen.storyboard in Resources */ = {isa = PBXBuildFile; fileRef = 8464678F2549ACFD0091EEAC /* LaunchScreen.storyboard */; };
		846467C32549ADBC0091EEAC /* DetailsView.swift in Sources */ = {isa = PBXBuildFile; fileRef = 846467C22549ADBC0091EEAC /* DetailsView.swift */; };
		846467CB2549AF7A0091EEAC /* CityViewCell.swift in Sources */ = {isa = PBXBuildFile; fileRef = 846467CA2549AF7A0091EEAC /* CityViewCell.swift */; };
		846467DC2549B1980091EEAC /* UIView+ Extension.swift in Sources */ = {isa = PBXBuildFile; fileRef = 846467DB2549B1980091EEAC /* UIView+ Extension.swift */; };
		846467E72549B5360091EEAC /* StartCollectionViewController.swift in Sources */ = {isa = PBXBuildFile; fileRef = 846467E62549B5360091EEAC /* StartCollectionViewController.swift */; };
		846467F52549D04C0091EEAC /* DetailsViewController.swift in Sources */ = {isa = PBXBuildFile; fileRef = 846467F42549D04B0091EEAC /* DetailsViewController.swift */; };
		846467FB2549D6F60091EEAC /* NetworkWeather.swift in Sources */ = {isa = PBXBuildFile; fileRef = 846467FA2549D6F60091EEAC /* NetworkWeather.swift */; };
		846468012549DDC30091EEAC /* CurrentCoordinatesData.swift in Sources */ = {isa = PBXBuildFile; fileRef = 846468002549DDC30091EEAC /* CurrentCoordinatesData.swift */; };
		8464680C2549ED750091EEAC /* CurrentCoordinatesModel.swift in Sources */ = {isa = PBXBuildFile; fileRef = 8464680B2549ED750091EEAC /* CurrentCoordinatesModel.swift */; };
		846468172549F40A0091EEAC /* CurrentWeatherData.swift in Sources */ = {isa = PBXBuildFile; fileRef = 846468162549F40A0091EEAC /* CurrentWeatherData.swift */; };
		8464681F2549FD310091EEAC /* CurrentWeatherModel.swift in Sources */ = {isa = PBXBuildFile; fileRef = 8464681E2549FD310091EEAC /* CurrentWeatherModel.swift */; };
		846C4AF7256167DF00EE7256 /* StartView.swift in Sources */ = {isa = PBXBuildFile; fileRef = 846C4AF6256167DF00EE7256 /* StartView.swift */; };
		846C4AFF256169CC00EE7256 /* ParseJSON.swift in Sources */ = {isa = PBXBuildFile; fileRef = 846C4AFE256169CC00EE7256 /* ParseJSON.swift */; };
		84C5EC693DC62DAFB10ABF23 /* Pods_TestTaskWeather.framework in Frameworks */ = {isa = PBXBuildFile; fileRef = 0B8F4203E94AF19DECCCB8AA /* Pods_TestTaskWeather.framework */; };
		F8379A6D851CFB63DBFECC3E /* Pods_TestTaskWeatherTests.framework in Frameworks */ = {isa = PBXBuildFile; fileRef = 79388AC5C242DFBE5FD08011 /* Pods_TestTaskWeatherTests.framework */; };
/* End PBXBuildFile section */

/* Begin PBXContainerItemProxy section */
		846467982549ACFD0091EEAC /* PBXContainerItemProxy */ = {
			isa = PBXContainerItemProxy;
			containerPortal = 846467792549ACFB0091EEAC /* Project object */;
			proxyType = 1;
			remoteGlobalIDString = 846467802549ACFB0091EEAC;
			remoteInfo = TestTaskWeather;
		};
		846467A32549ACFD0091EEAC /* PBXContainerItemProxy */ = {
			isa = PBXContainerItemProxy;
			containerPortal = 846467792549ACFB0091EEAC /* Project object */;
			proxyType = 1;
			remoteGlobalIDString = 846467802549ACFB0091EEAC;
			remoteInfo = TestTaskWeather;
		};
/* End PBXContainerItemProxy section */

/* Begin PBXFileReference section */
		02B3C2ACDC2DCAA264F830E7 /* Pods-TestTaskWeatherTests.release.xcconfig */ = {isa = PBXFileReference; includeInIndex = 1; lastKnownFileType = text.xcconfig; name = "Pods-TestTaskWeatherTests.release.xcconfig"; path = "Target Support Files/Pods-TestTaskWeatherTests/Pods-TestTaskWeatherTests.release.xcconfig"; sourceTree = "<group>"; };
		0B8F4203E94AF19DECCCB8AA /* Pods_TestTaskWeather.framework */ = {isa = PBXFileReference; explicitFileType = wrapper.framework; includeInIndex = 0; path = Pods_TestTaskWeather.framework; sourceTree = BUILT_PRODUCTS_DIR; };
		34C47238DD46BE0CB68796B2 /* Pods-TestTaskWeather-TestTaskWeatherUITests.release.xcconfig */ = {isa = PBXFileReference; includeInIndex = 1; lastKnownFileType = text.xcconfig; name = "Pods-TestTaskWeather-TestTaskWeatherUITests.release.xcconfig"; path = "Target Support Files/Pods-TestTaskWeather-TestTaskWeatherUITests/Pods-TestTaskWeather-TestTaskWeatherUITests.release.xcconfig"; sourceTree = "<group>"; };
		3A633C833F844668178CAC2C /* Pods_TestTaskWeather_TestTaskWeatherUITests.framework */ = {isa = PBXFileReference; explicitFileType = wrapper.framework; includeInIndex = 0; path = Pods_TestTaskWeather_TestTaskWeatherUITests.framework; sourceTree = BUILT_PRODUCTS_DIR; };
		79388AC5C242DFBE5FD08011 /* Pods_TestTaskWeatherTests.framework */ = {isa = PBXFileReference; explicitFileType = wrapper.framework; includeInIndex = 0; path = Pods_TestTaskWeatherTests.framework; sourceTree = BUILT_PRODUCTS_DIR; };
		8334B8687B2C7CF9D2E050C3 /* Pods-TestTaskWeather.release.xcconfig */ = {isa = PBXFileReference; includeInIndex = 1; lastKnownFileType = text.xcconfig; name = "Pods-TestTaskWeather.release.xcconfig"; path = "Target Support Files/Pods-TestTaskWeather/Pods-TestTaskWeather.release.xcconfig"; sourceTree = "<group>"; };
		846467812549ACFB0091EEAC /* TestTaskWeather.app */ = {isa = PBXFileReference; explicitFileType = wrapper.application; includeInIndex = 0; path = TestTaskWeather.app; sourceTree = BUILT_PRODUCTS_DIR; };
		846467842549ACFB0091EEAC /* AppDelegate.swift */ = {isa = PBXFileReference; lastKnownFileType = sourcecode.swift; path = AppDelegate.swift; sourceTree = "<group>"; };
		846467862549ACFB0091EEAC /* SceneDelegate.swift */ = {isa = PBXFileReference; lastKnownFileType = sourcecode.swift; path = SceneDelegate.swift; sourceTree = "<group>"; };
		8464678D2549ACFD0091EEAC /* Assets.xcassets */ = {isa = PBXFileReference; lastKnownFileType = folder.assetcatalog; path = Assets.xcassets; sourceTree = "<group>"; };
		846467902549ACFD0091EEAC /* Base */ = {isa = PBXFileReference; lastKnownFileType = file.storyboard; name = Base; path = Base.lproj/LaunchScreen.storyboard; sourceTree = "<group>"; };
		846467922549ACFD0091EEAC /* Info.plist */ = {isa = PBXFileReference; lastKnownFileType = text.plist.xml; path = Info.plist; sourceTree = "<group>"; };
		846467972549ACFD0091EEAC /* TestTaskWeatherTests.xctest */ = {isa = PBXFileReference; explicitFileType = wrapper.cfbundle; includeInIndex = 0; path = TestTaskWeatherTests.xctest; sourceTree = BUILT_PRODUCTS_DIR; };
		846467A22549ACFD0091EEAC /* TestTaskWeatherUITests.xctest */ = {isa = PBXFileReference; explicitFileType = wrapper.cfbundle; includeInIndex = 0; path = TestTaskWeatherUITests.xctest; sourceTree = BUILT_PRODUCTS_DIR; };
		846467C22549ADBC0091EEAC /* DetailsView.swift */ = {isa = PBXFileReference; lastKnownFileType = sourcecode.swift; path = DetailsView.swift; sourceTree = "<group>"; };
		846467CA2549AF7A0091EEAC /* CityViewCell.swift */ = {isa = PBXFileReference; lastKnownFileType = sourcecode.swift; path = CityViewCell.swift; sourceTree = "<group>"; };
		846467DB2549B1980091EEAC /* UIView+ Extension.swift */ = {isa = PBXFileReference; lastKnownFileType = sourcecode.swift; path = "UIView+ Extension.swift"; sourceTree = "<group>"; };
		846467E62549B5360091EEAC /* StartCollectionViewController.swift */ = {isa = PBXFileReference; lastKnownFileType = sourcecode.swift; path = StartCollectionViewController.swift; sourceTree = "<group>"; };
		846467F42549D04B0091EEAC /* DetailsViewController.swift */ = {isa = PBXFileReference; lastKnownFileType = sourcecode.swift; path = DetailsViewController.swift; sourceTree = "<group>"; };
		846467FA2549D6F60091EEAC /* NetworkWeather.swift */ = {isa = PBXFileReference; lastKnownFileType = sourcecode.swift; path = NetworkWeather.swift; sourceTree = "<group>"; };
		846468002549DDC30091EEAC /* CurrentCoordinatesData.swift */ = {isa = PBXFileReference; lastKnownFileType = sourcecode.swift; path = CurrentCoordinatesData.swift; sourceTree = "<group>"; };
		8464680B2549ED750091EEAC /* CurrentCoordinatesModel.swift */ = {isa = PBXFileReference; lastKnownFileType = sourcecode.swift; path = CurrentCoordinatesModel.swift; sourceTree = "<group>"; };
		846468162549F40A0091EEAC /* CurrentWeatherData.swift */ = {isa = PBXFileReference; lastKnownFileType = sourcecode.swift; path = CurrentWeatherData.swift; sourceTree = "<group>"; };
		8464681E2549FD310091EEAC /* CurrentWeatherModel.swift */ = {isa = PBXFileReference; lastKnownFileType = sourcecode.swift; path = CurrentWeatherModel.swift; sourceTree = "<group>"; };
		846C4AF6256167DF00EE7256 /* StartView.swift */ = {isa = PBXFileReference; lastKnownFileType = sourcecode.swift; path = StartView.swift; sourceTree = "<group>"; };
		846C4AFE256169CC00EE7256 /* ParseJSON.swift */ = {isa = PBXFileReference; lastKnownFileType = sourcecode.swift; path = ParseJSON.swift; sourceTree = "<group>"; };
		B330720BE14C4A68E38607D7 /* Pods-TestTaskWeather-TestTaskWeatherUITests.debug.xcconfig */ = {isa = PBXFileReference; includeInIndex = 1; lastKnownFileType = text.xcconfig; name = "Pods-TestTaskWeather-TestTaskWeatherUITests.debug.xcconfig"; path = "Target Support Files/Pods-TestTaskWeather-TestTaskWeatherUITests/Pods-TestTaskWeather-TestTaskWeatherUITests.debug.xcconfig"; sourceTree = "<group>"; };
		D2637CE4407CAC9455DC42D3 /* Pods-TestTaskWeatherTests.debug.xcconfig */ = {isa = PBXFileReference; includeInIndex = 1; lastKnownFileType = text.xcconfig; name = "Pods-TestTaskWeatherTests.debug.xcconfig"; path = "Target Support Files/Pods-TestTaskWeatherTests/Pods-TestTaskWeatherTests.debug.xcconfig"; sourceTree = "<group>"; };
		F91C25ED8CB319638C04BCC0 /* Pods-TestTaskWeather.debug.xcconfig */ = {isa = PBXFileReference; includeInIndex = 1; lastKnownFileType = text.xcconfig; name = "Pods-TestTaskWeather.debug.xcconfig"; path = "Target Support Files/Pods-TestTaskWeather/Pods-TestTaskWeather.debug.xcconfig"; sourceTree = "<group>"; };
/* End PBXFileReference section */

/* Begin PBXFrameworksBuildPhase section */
		8464677E2549ACFB0091EEAC /* Frameworks */ = {
			isa = PBXFrameworksBuildPhase;
			buildActionMask = 2147483647;
			files = (
				84C5EC693DC62DAFB10ABF23 /* Pods_TestTaskWeather.framework in Frameworks */,
			);
			runOnlyForDeploymentPostprocessing = 0;
		};
		846467942549ACFD0091EEAC /* Frameworks */ = {
			isa = PBXFrameworksBuildPhase;
			buildActionMask = 2147483647;
			files = (
				F8379A6D851CFB63DBFECC3E /* Pods_TestTaskWeatherTests.framework in Frameworks */,
			);
			runOnlyForDeploymentPostprocessing = 0;
		};
		8464679F2549ACFD0091EEAC /* Frameworks */ = {
			isa = PBXFrameworksBuildPhase;
			buildActionMask = 2147483647;
			files = (
				1EE6D8310A37D7CCCEE740EF /* Pods_TestTaskWeather_TestTaskWeatherUITests.framework in Frameworks */,
			);
			runOnlyForDeploymentPostprocessing = 0;
		};
/* End PBXFrameworksBuildPhase section */

/* Begin PBXGroup section */
		216B164304CAEC6EBCF5CC65 /* Frameworks */ = {
			isa = PBXGroup;
			children = (
				0B8F4203E94AF19DECCCB8AA /* Pods_TestTaskWeather.framework */,
				3A633C833F844668178CAC2C /* Pods_TestTaskWeather_TestTaskWeatherUITests.framework */,
				79388AC5C242DFBE5FD08011 /* Pods_TestTaskWeatherTests.framework */,
			);
			name = Frameworks;
			sourceTree = "<group>";
		};
		846467782549ACFB0091EEAC = {
			isa = PBXGroup;
			children = (
				846467832549ACFB0091EEAC /* TestTaskWeather */,
				846467822549ACFB0091EEAC /* Products */,
				E7971AA4319A0DC0B6D105C0 /* Pods */,
				216B164304CAEC6EBCF5CC65 /* Frameworks */,
			);
			sourceTree = "<group>";
		};
		846467822549ACFB0091EEAC /* Products */ = {
			isa = PBXGroup;
			children = (
				846467812549ACFB0091EEAC /* TestTaskWeather.app */,
				846467972549ACFD0091EEAC /* TestTaskWeatherTests.xctest */,
				846467A22549ACFD0091EEAC /* TestTaskWeatherUITests.xctest */,
			);
			name = Products;
			sourceTree = "<group>";
		};
		846467832549ACFB0091EEAC /* TestTaskWeather */ = {
			isa = PBXGroup;
			children = (
				8464683A254C492C0091EEAC /* Application */,
				8464683E254C497C0091EEAC /* TestTaskWeatherApp */,
				84646845254C49AC0091EEAC /* Supporting files */,
			);
			path = TestTaskWeather;
			sourceTree = "<group>";
		};
		846467C02549AD9C0091EEAC /* View */ = {
			isa = PBXGroup;
			children = (
				846467CA2549AF7A0091EEAC /* CityViewCell.swift */,
				846467C22549ADBC0091EEAC /* DetailsView.swift */,
				846C4AF6256167DF00EE7256 /* StartView.swift */,
			);
			path = View;
			sourceTree = "<group>";
		};
		846467C12549ADA50091EEAC /* Controllers */ = {
			isa = PBXGroup;
			children = (
				846467E62549B5360091EEAC /* StartCollectionViewController.swift */,
				846467F42549D04B0091EEAC /* DetailsViewController.swift */,
			);
			path = Controllers;
			sourceTree = "<group>";
		};
		846467DA2549B17C0091EEAC /* Extension */ = {
			isa = PBXGroup;
			children = (
				846467DB2549B1980091EEAC /* UIView+ Extension.swift */,
			);
			path = Extension;
			sourceTree = "<group>";
		};
		846467F92549D6CF0091EEAC /* Network */ = {
			isa = PBXGroup;
			children = (
				846467FA2549D6F60091EEAC /* NetworkWeather.swift */,
				846C4AFE256169CC00EE7256 /* ParseJSON.swift */,
			);
			path = Network;
			sourceTree = "<group>";
		};
		846467FF2549DDAD0091EEAC /* Model */ = {
			isa = PBXGroup;
			children = (
				84646846254C4A0C0091EEAC /* Data */,
				8464684A254C4A3E0091EEAC /* Models */,
				846467DA2549B17C0091EEAC /* Extension */,
			);
			path = Model;
			sourceTree = "<group>";
		};
		8464683A254C492C0091EEAC /* Application */ = {
			isa = PBXGroup;
			children = (
				846467842549ACFB0091EEAC /* AppDelegate.swift */,
				846467862549ACFB0091EEAC /* SceneDelegate.swift */,
				8464678F2549ACFD0091EEAC /* LaunchScreen.storyboard */,
			);
			path = Application;
			sourceTree = "<group>";
		};
		8464683E254C497C0091EEAC /* TestTaskWeatherApp */ = {
			isa = PBXGroup;
			children = (
				846467F92549D6CF0091EEAC /* Network */,
				846467FF2549DDAD0091EEAC /* Model */,
				846467C02549AD9C0091EEAC /* View */,
				846467C12549ADA50091EEAC /* Controllers */,
			);
			path = TestTaskWeatherApp;
			sourceTree = "<group>";
		};
		84646845254C49AC0091EEAC /* Supporting files */ = {
			isa = PBXGroup;
			children = (
				8464678D2549ACFD0091EEAC /* Assets.xcassets */,
				846467922549ACFD0091EEAC /* Info.plist */,
			);
			path = "Supporting files";
			sourceTree = "<group>";
		};
		84646846254C4A0C0091EEAC /* Data */ = {
			isa = PBXGroup;
			children = (
				846468002549DDC30091EEAC /* CurrentCoordinatesData.swift */,
				846468162549F40A0091EEAC /* CurrentWeatherData.swift */,
			);
			path = Data;
			sourceTree = "<group>";
		};
		8464684A254C4A3E0091EEAC /* Models */ = {
			isa = PBXGroup;
			children = (
				8464680B2549ED750091EEAC /* CurrentCoordinatesModel.swift */,
				8464681E2549FD310091EEAC /* CurrentWeatherModel.swift */,
			);
			path = Models;
			sourceTree = "<group>";
		};
		E7971AA4319A0DC0B6D105C0 /* Pods */ = {
			isa = PBXGroup;
			children = (
				F91C25ED8CB319638C04BCC0 /* Pods-TestTaskWeather.debug.xcconfig */,
				8334B8687B2C7CF9D2E050C3 /* Pods-TestTaskWeather.release.xcconfig */,
				B330720BE14C4A68E38607D7 /* Pods-TestTaskWeather-TestTaskWeatherUITests.debug.xcconfig */,
				34C47238DD46BE0CB68796B2 /* Pods-TestTaskWeather-TestTaskWeatherUITests.release.xcconfig */,
				D2637CE4407CAC9455DC42D3 /* Pods-TestTaskWeatherTests.debug.xcconfig */,
				02B3C2ACDC2DCAA264F830E7 /* Pods-TestTaskWeatherTests.release.xcconfig */,
			);
			path = Pods;
			sourceTree = "<group>";
		};
/* End PBXGroup section */

/* Begin PBXNativeTarget section */
		846467802549ACFB0091EEAC /* TestTaskWeather */ = {
			isa = PBXNativeTarget;
			buildConfigurationList = 846467AB2549ACFD0091EEAC /* Build configuration list for PBXNativeTarget "TestTaskWeather" */;
			buildPhases = (
				3AD0B63EBD846D02084F946B /* [CP] Check Pods Manifest.lock */,
				8464677D2549ACFB0091EEAC /* Sources */,
				8464677E2549ACFB0091EEAC /* Frameworks */,
				8464677F2549ACFB0091EEAC /* Resources */,
				75746EB8DAF82B43554572E2 /* [CP] Embed Pods Frameworks */,
			);
			buildRules = (
			);
			dependencies = (
			);
			name = TestTaskWeather;
			productName = TestTaskWeather;
			productReference = 846467812549ACFB0091EEAC /* TestTaskWeather.app */;
			productType = "com.apple.product-type.application";
		};
		846467962549ACFD0091EEAC /* TestTaskWeatherTests */ = {
			isa = PBXNativeTarget;
			buildConfigurationList = 846467AE2549ACFD0091EEAC /* Build configuration list for PBXNativeTarget "TestTaskWeatherTests" */;
			buildPhases = (
				FF06E565FF406838925D67A7 /* [CP] Check Pods Manifest.lock */,
				846467932549ACFD0091EEAC /* Sources */,
				846467942549ACFD0091EEAC /* Frameworks */,
				846467952549ACFD0091EEAC /* Resources */,
			);
			buildRules = (
			);
			dependencies = (
				846467992549ACFD0091EEAC /* PBXTargetDependency */,
			);
			name = TestTaskWeatherTests;
			productName = TestTaskWeatherTests;
			productReference = 846467972549ACFD0091EEAC /* TestTaskWeatherTests.xctest */;
			productType = "com.apple.product-type.bundle.unit-test";
		};
		846467A12549ACFD0091EEAC /* TestTaskWeatherUITests */ = {
			isa = PBXNativeTarget;
			buildConfigurationList = 846467B12549ACFD0091EEAC /* Build configuration list for PBXNativeTarget "TestTaskWeatherUITests" */;
			buildPhases = (
				8914BE01613C12BE1F3DD47A /* [CP] Check Pods Manifest.lock */,
				8464679E2549ACFD0091EEAC /* Sources */,
				8464679F2549ACFD0091EEAC /* Frameworks */,
				846467A02549ACFD0091EEAC /* Resources */,
				BF5F745012AA2AFEACD8A4BD /* [CP] Embed Pods Frameworks */,
			);
			buildRules = (
			);
			dependencies = (
				846467A42549ACFD0091EEAC /* PBXTargetDependency */,
			);
			name = TestTaskWeatherUITests;
			productName = TestTaskWeatherUITests;
			productReference = 846467A22549ACFD0091EEAC /* TestTaskWeatherUITests.xctest */;
			productType = "com.apple.product-type.bundle.ui-testing";
		};
/* End PBXNativeTarget section */

/* Begin PBXProject section */
		846467792549ACFB0091EEAC /* Project object */ = {
			isa = PBXProject;
			attributes = {
				LastSwiftUpdateCheck = 1200;
				LastUpgradeCheck = 1200;
				TargetAttributes = {
					846467802549ACFB0091EEAC = {
						CreatedOnToolsVersion = 12.0.1;
					};
					846467962549ACFD0091EEAC = {
						CreatedOnToolsVersion = 12.0.1;
						TestTargetID = 846467802549ACFB0091EEAC;
					};
					846467A12549ACFD0091EEAC = {
						CreatedOnToolsVersion = 12.0.1;
						TestTargetID = 846467802549ACFB0091EEAC;
					};
				};
			};
			buildConfigurationList = 8464677C2549ACFB0091EEAC /* Build configuration list for PBXProject "TestTaskWeather" */;
			compatibilityVersion = "Xcode 9.3";
			developmentRegion = en;
			hasScannedForEncodings = 0;
			knownRegions = (
				en,
				Base,
			);
			mainGroup = 846467782549ACFB0091EEAC;
			productRefGroup = 846467822549ACFB0091EEAC /* Products */;
			projectDirPath = "";
			projectRoot = "";
			targets = (
				846467802549ACFB0091EEAC /* TestTaskWeather */,
				846467962549ACFD0091EEAC /* TestTaskWeatherTests */,
				846467A12549ACFD0091EEAC /* TestTaskWeatherUITests */,
			);
		};
/* End PBXProject section */

/* Begin PBXResourcesBuildPhase section */
		8464677F2549ACFB0091EEAC /* Resources */ = {
			isa = PBXResourcesBuildPhase;
			buildActionMask = 2147483647;
			files = (
				846467912549ACFD0091EEAC /* LaunchScreen.storyboard in Resources */,
				8464678E2549ACFD0091EEAC /* Assets.xcassets in Resources */,
			);
			runOnlyForDeploymentPostprocessing = 0;
		};
		846467952549ACFD0091EEAC /* Resources */ = {
			isa = PBXResourcesBuildPhase;
			buildActionMask = 2147483647;
			files = (
			);
			runOnlyForDeploymentPostprocessing = 0;
		};
		846467A02549ACFD0091EEAC /* Resources */ = {
			isa = PBXResourcesBuildPhase;
			buildActionMask = 2147483647;
			files = (
			);
			runOnlyForDeploymentPostprocessing = 0;
		};
/* End PBXResourcesBuildPhase section */

/* Begin PBXShellScriptBuildPhase section */
		3AD0B63EBD846D02084F946B /* [CP] Check Pods Manifest.lock */ = {
			isa = PBXShellScriptBuildPhase;
			buildActionMask = 2147483647;
			files = (
			);
			inputFileListPaths = (
			);
			inputPaths = (
				"${PODS_PODFILE_DIR_PATH}/Podfile.lock",
				"${PODS_ROOT}/Manifest.lock",
			);
			name = "[CP] Check Pods Manifest.lock";
			outputFileListPaths = (
			);
			outputPaths = (
				"$(DERIVED_FILE_DIR)/Pods-TestTaskWeather-checkManifestLockResult.txt",
			);
			runOnlyForDeploymentPostprocessing = 0;
			shellPath = /bin/sh;
			shellScript = "diff \"${PODS_PODFILE_DIR_PATH}/Podfile.lock\" \"${PODS_ROOT}/Manifest.lock\" > /dev/null\nif [ $? != 0 ] ; then\n    # print error to STDERR\n    echo \"error: The sandbox is not in sync with the Podfile.lock. Run 'pod install' or update your CocoaPods installation.\" >&2\n    exit 1\nfi\n# This output is used by Xcode 'outputs' to avoid re-running this script phase.\necho \"SUCCESS\" > \"${SCRIPT_OUTPUT_FILE_0}\"\n";
			showEnvVarsInLog = 0;
		};
		75746EB8DAF82B43554572E2 /* [CP] Embed Pods Frameworks */ = {
			isa = PBXShellScriptBuildPhase;
			buildActionMask = 2147483647;
			files = (
			);
			inputFileListPaths = (
				"${PODS_ROOT}/Target Support Files/Pods-TestTaskWeather/Pods-TestTaskWeather-frameworks-${CONFIGURATION}-input-files.xcfilelist",
			);
			name = "[CP] Embed Pods Frameworks";
			outputFileListPaths = (
				"${PODS_ROOT}/Target Support Files/Pods-TestTaskWeather/Pods-TestTaskWeather-frameworks-${CONFIGURATION}-output-files.xcfilelist",
			);
			runOnlyForDeploymentPostprocessing = 0;
			shellPath = /bin/sh;
			shellScript = "\"${PODS_ROOT}/Target Support Files/Pods-TestTaskWeather/Pods-TestTaskWeather-frameworks.sh\"\n";
			showEnvVarsInLog = 0;
		};
		8914BE01613C12BE1F3DD47A /* [CP] Check Pods Manifest.lock */ = {
			isa = PBXShellScriptBuildPhase;
			buildActionMask = 2147483647;
			files = (
			);
			inputFileListPaths = (
			);
			inputPaths = (
				"${PODS_PODFILE_DIR_PATH}/Podfile.lock",
				"${PODS_ROOT}/Manifest.lock",
			);
			name = "[CP] Check Pods Manifest.lock";
			outputFileListPaths = (
			);
			outputPaths = (
				"$(DERIVED_FILE_DIR)/Pods-TestTaskWeather-TestTaskWeatherUITests-checkManifestLockResult.txt",
			);
			runOnlyForDeploymentPostprocessing = 0;
			shellPath = /bin/sh;
			shellScript = "diff \"${PODS_PODFILE_DIR_PATH}/Podfile.lock\" \"${PODS_ROOT}/Manifest.lock\" > /dev/null\nif [ $? != 0 ] ; then\n    # print error to STDERR\n    echo \"error: The sandbox is not in sync with the Podfile.lock. Run 'pod install' or update your CocoaPods installation.\" >&2\n    exit 1\nfi\n# This output is used by Xcode 'outputs' to avoid re-running this script phase.\necho \"SUCCESS\" > \"${SCRIPT_OUTPUT_FILE_0}\"\n";
			showEnvVarsInLog = 0;
		};
		BF5F745012AA2AFEACD8A4BD /* [CP] Embed Pods Frameworks */ = {
			isa = PBXShellScriptBuildPhase;
			buildActionMask = 2147483647;
			files = (
			);
			inputFileListPaths = (
				"${PODS_ROOT}/Target Support Files/Pods-TestTaskWeather-TestTaskWeatherUITests/Pods-TestTaskWeather-TestTaskWeatherUITests-frameworks-${CONFIGURATION}-input-files.xcfilelist",
			);
			name = "[CP] Embed Pods Frameworks";
			outputFileListPaths = (
				"${PODS_ROOT}/Target Support Files/Pods-TestTaskWeather-TestTaskWeatherUITests/Pods-TestTaskWeather-TestTaskWeatherUITests-frameworks-${CONFIGURATION}-output-files.xcfilelist",
			);
			runOnlyForDeploymentPostprocessing = 0;
			shellPath = /bin/sh;
			shellScript = "\"${PODS_ROOT}/Target Support Files/Pods-TestTaskWeather-TestTaskWeatherUITests/Pods-TestTaskWeather-TestTaskWeatherUITests-frameworks.sh\"\n";
			showEnvVarsInLog = 0;
		};
		FF06E565FF406838925D67A7 /* [CP] Check Pods Manifest.lock */ = {
			isa = PBXShellScriptBuildPhase;
			buildActionMask = 2147483647;
			files = (
			);
			inputFileListPaths = (
			);
			inputPaths = (
				"${PODS_PODFILE_DIR_PATH}/Podfile.lock",
				"${PODS_ROOT}/Manifest.lock",
			);
			name = "[CP] Check Pods Manifest.lock";
			outputFileListPaths = (
			);
			outputPaths = (
				"$(DERIVED_FILE_DIR)/Pods-TestTaskWeatherTests-checkManifestLockResult.txt",
			);
			runOnlyForDeploymentPostprocessing = 0;
			shellPath = /bin/sh;
			shellScript = "diff \"${PODS_PODFILE_DIR_PATH}/Podfile.lock\" \"${PODS_ROOT}/Manifest.lock\" > /dev/null\nif [ $? != 0 ] ; then\n    # print error to STDERR\n    echo \"error: The sandbox is not in sync with the Podfile.lock. Run 'pod install' or update your CocoaPods installation.\" >&2\n    exit 1\nfi\n# This output is used by Xcode 'outputs' to avoid re-running this script phase.\necho \"SUCCESS\" > \"${SCRIPT_OUTPUT_FILE_0}\"\n";
			showEnvVarsInLog = 0;
		};
/* End PBXShellScriptBuildPhase section */

/* Begin PBXSourcesBuildPhase section */
		8464677D2549ACFB0091EEAC /* Sources */ = {
			isa = PBXSourcesBuildPhase;
			buildActionMask = 2147483647;
			files = (
				846467CB2549AF7A0091EEAC /* CityViewCell.swift in Sources */,
				846467FB2549D6F60091EEAC /* NetworkWeather.swift in Sources */,
				8464680C2549ED750091EEAC /* CurrentCoordinatesModel.swift in Sources */,
				846467C32549ADBC0091EEAC /* DetailsView.swift in Sources */,
				846467852549ACFB0091EEAC /* AppDelegate.swift in Sources */,
				846C4AF7256167DF00EE7256 /* StartView.swift in Sources */,
				846467872549ACFB0091EEAC /* SceneDelegate.swift in Sources */,
				846468012549DDC30091EEAC /* CurrentCoordinatesData.swift in Sources */,
				846467F52549D04C0091EEAC /* DetailsViewController.swift in Sources */,
				8464681F2549FD310091EEAC /* CurrentWeatherModel.swift in Sources */,
				846467E72549B5360091EEAC /* StartCollectionViewController.swift in Sources */,
				846C4AFF256169CC00EE7256 /* ParseJSON.swift in Sources */,
				846468172549F40A0091EEAC /* CurrentWeatherData.swift in Sources */,
				846467DC2549B1980091EEAC /* UIView+ Extension.swift in Sources */,
			);
			runOnlyForDeploymentPostprocessing = 0;
		};
		846467932549ACFD0091EEAC /* Sources */ = {
			isa = PBXSourcesBuildPhase;
			buildActionMask = 2147483647;
			files = (
			);
			runOnlyForDeploymentPostprocessing = 0;
		};
		8464679E2549ACFD0091EEAC /* Sources */ = {
			isa = PBXSourcesBuildPhase;
			buildActionMask = 2147483647;
			files = (
			);
			runOnlyForDeploymentPostprocessing = 0;
		};
/* End PBXSourcesBuildPhase section */

/* Begin PBXTargetDependency section */
		846467992549ACFD0091EEAC /* PBXTargetDependency */ = {
			isa = PBXTargetDependency;
			target = 846467802549ACFB0091EEAC /* TestTaskWeather */;
			targetProxy = 846467982549ACFD0091EEAC /* PBXContainerItemProxy */;
		};
		846467A42549ACFD0091EEAC /* PBXTargetDependency */ = {
			isa = PBXTargetDependency;
			target = 846467802549ACFB0091EEAC /* TestTaskWeather */;
			targetProxy = 846467A32549ACFD0091EEAC /* PBXContainerItemProxy */;
		};
/* End PBXTargetDependency section */

/* Begin PBXVariantGroup section */
		8464678F2549ACFD0091EEAC /* LaunchScreen.storyboard */ = {
			isa = PBXVariantGroup;
			children = (
				846467902549ACFD0091EEAC /* Base */,
			);
			name = LaunchScreen.storyboard;
			sourceTree = "<group>";
		};
/* End PBXVariantGroup section */

/* Begin XCBuildConfiguration section */
		846467A92549ACFD0091EEAC /* Debug */ = {
			isa = XCBuildConfiguration;
			buildSettings = {
				ALWAYS_SEARCH_USER_PATHS = NO;
				CLANG_ANALYZER_NONNULL = YES;
				CLANG_ANALYZER_NUMBER_OBJECT_CONVERSION = YES_AGGRESSIVE;
				CLANG_CXX_LANGUAGE_STANDARD = "gnu++14";
				CLANG_CXX_LIBRARY = "libc++";
				CLANG_ENABLE_MODULES = YES;
				CLANG_ENABLE_OBJC_ARC = YES;
				CLANG_ENABLE_OBJC_WEAK = YES;
				CLANG_WARN_BLOCK_CAPTURE_AUTORELEASING = YES;
				CLANG_WARN_BOOL_CONVERSION = YES;
				CLANG_WARN_COMMA = YES;
				CLANG_WARN_CONSTANT_CONVERSION = YES;
				CLANG_WARN_DEPRECATED_OBJC_IMPLEMENTATIONS = YES;
				CLANG_WARN_DIRECT_OBJC_ISA_USAGE = YES_ERROR;
				CLANG_WARN_DOCUMENTATION_COMMENTS = YES;
				CLANG_WARN_EMPTY_BODY = YES;
				CLANG_WARN_ENUM_CONVERSION = YES;
				CLANG_WARN_INFINITE_RECURSION = YES;
				CLANG_WARN_INT_CONVERSION = YES;
				CLANG_WARN_NON_LITERAL_NULL_CONVERSION = YES;
				CLANG_WARN_OBJC_IMPLICIT_RETAIN_SELF = YES;
				CLANG_WARN_OBJC_LITERAL_CONVERSION = YES;
				CLANG_WARN_OBJC_ROOT_CLASS = YES_ERROR;
				CLANG_WARN_QUOTED_INCLUDE_IN_FRAMEWORK_HEADER = YES;
				CLANG_WARN_RANGE_LOOP_ANALYSIS = YES;
				CLANG_WARN_STRICT_PROTOTYPES = YES;
				CLANG_WARN_SUSPICIOUS_MOVE = YES;
				CLANG_WARN_UNGUARDED_AVAILABILITY = YES_AGGRESSIVE;
				CLANG_WARN_UNREACHABLE_CODE = YES;
				CLANG_WARN__DUPLICATE_METHOD_MATCH = YES;
				COPY_PHASE_STRIP = NO;
				DEBUG_INFORMATION_FORMAT = dwarf;
				ENABLE_STRICT_OBJC_MSGSEND = YES;
				ENABLE_TESTABILITY = YES;
				GCC_C_LANGUAGE_STANDARD = gnu11;
				GCC_DYNAMIC_NO_PIC = NO;
				GCC_NO_COMMON_BLOCKS = YES;
				GCC_OPTIMIZATION_LEVEL = 0;
				GCC_PREPROCESSOR_DEFINITIONS = (
					"DEBUG=1",
					"$(inherited)",
				);
				GCC_WARN_64_TO_32_BIT_CONVERSION = YES;
				GCC_WARN_ABOUT_RETURN_TYPE = YES_ERROR;
				GCC_WARN_UNDECLARED_SELECTOR = YES;
				GCC_WARN_UNINITIALIZED_AUTOS = YES_AGGRESSIVE;
				GCC_WARN_UNUSED_FUNCTION = YES;
				GCC_WARN_UNUSED_VARIABLE = YES;
				IPHONEOS_DEPLOYMENT_TARGET = 14.0;
				MTL_ENABLE_DEBUG_INFO = INCLUDE_SOURCE;
				MTL_FAST_MATH = YES;
				ONLY_ACTIVE_ARCH = YES;
				SDKROOT = iphoneos;
				SWIFT_ACTIVE_COMPILATION_CONDITIONS = DEBUG;
				SWIFT_OPTIMIZATION_LEVEL = "-Onone";
			};
			name = Debug;
		};
		846467AA2549ACFD0091EEAC /* Release */ = {
			isa = XCBuildConfiguration;
			buildSettings = {
				ALWAYS_SEARCH_USER_PATHS = NO;
				CLANG_ANALYZER_NONNULL = YES;
				CLANG_ANALYZER_NUMBER_OBJECT_CONVERSION = YES_AGGRESSIVE;
				CLANG_CXX_LANGUAGE_STANDARD = "gnu++14";
				CLANG_CXX_LIBRARY = "libc++";
				CLANG_ENABLE_MODULES = YES;
				CLANG_ENABLE_OBJC_ARC = YES;
				CLANG_ENABLE_OBJC_WEAK = YES;
				CLANG_WARN_BLOCK_CAPTURE_AUTORELEASING = YES;
				CLANG_WARN_BOOL_CONVERSION = YES;
				CLANG_WARN_COMMA = YES;
				CLANG_WARN_CONSTANT_CONVERSION = YES;
				CLANG_WARN_DEPRECATED_OBJC_IMPLEMENTATIONS = YES;
				CLANG_WARN_DIRECT_OBJC_ISA_USAGE = YES_ERROR;
				CLANG_WARN_DOCUMENTATION_COMMENTS = YES;
				CLANG_WARN_EMPTY_BODY = YES;
				CLANG_WARN_ENUM_CONVERSION = YES;
				CLANG_WARN_INFINITE_RECURSION = YES;
				CLANG_WARN_INT_CONVERSION = YES;
				CLANG_WARN_NON_LITERAL_NULL_CONVERSION = YES;
				CLANG_WARN_OBJC_IMPLICIT_RETAIN_SELF = YES;
				CLANG_WARN_OBJC_LITERAL_CONVERSION = YES;
				CLANG_WARN_OBJC_ROOT_CLASS = YES_ERROR;
				CLANG_WARN_QUOTED_INCLUDE_IN_FRAMEWORK_HEADER = YES;
				CLANG_WARN_RANGE_LOOP_ANALYSIS = YES;
				CLANG_WARN_STRICT_PROTOTYPES = YES;
				CLANG_WARN_SUSPICIOUS_MOVE = YES;
				CLANG_WARN_UNGUARDED_AVAILABILITY = YES_AGGRESSIVE;
				CLANG_WARN_UNREACHABLE_CODE = YES;
				CLANG_WARN__DUPLICATE_METHOD_MATCH = YES;
				COPY_PHASE_STRIP = NO;
				DEBUG_INFORMATION_FORMAT = "dwarf-with-dsym";
				ENABLE_NS_ASSERTIONS = NO;
				ENABLE_STRICT_OBJC_MSGSEND = YES;
				GCC_C_LANGUAGE_STANDARD = gnu11;
				GCC_NO_COMMON_BLOCKS = YES;
				GCC_WARN_64_TO_32_BIT_CONVERSION = YES;
				GCC_WARN_ABOUT_RETURN_TYPE = YES_ERROR;
				GCC_WARN_UNDECLARED_SELECTOR = YES;
				GCC_WARN_UNINITIALIZED_AUTOS = YES_AGGRESSIVE;
				GCC_WARN_UNUSED_FUNCTION = YES;
				GCC_WARN_UNUSED_VARIABLE = YES;
				IPHONEOS_DEPLOYMENT_TARGET = 14.0;
				MTL_ENABLE_DEBUG_INFO = NO;
				MTL_FAST_MATH = YES;
				SDKROOT = iphoneos;
				SWIFT_COMPILATION_MODE = wholemodule;
				SWIFT_OPTIMIZATION_LEVEL = "-O";
				VALIDATE_PRODUCT = YES;
			};
			name = Release;
		};
		846467AC2549ACFD0091EEAC /* Debug */ = {
			isa = XCBuildConfiguration;
			baseConfigurationReference = F91C25ED8CB319638C04BCC0 /* Pods-TestTaskWeather.debug.xcconfig */;
			buildSettings = {
				ASSETCATALOG_COMPILER_APPICON_NAME = AppIcon;
				ASSETCATALOG_COMPILER_GLOBAL_ACCENT_COLOR_NAME = AccentColor;
				CODE_SIGN_STYLE = Automatic;
				DEVELOPMENT_TEAM = 8CMXWZDT97;
				INFOPLIST_FILE = "TestTaskWeather/Supporting files/Info.plist";
				IPHONEOS_DEPLOYMENT_TARGET = 13.5;
				LD_RUNPATH_SEARCH_PATHS = (
					"$(inherited)",
					"@executable_path/Frameworks",
				);
				PRODUCT_BUNDLE_IDENTIFIER = TestTaskWeather.TestTaskWeather;
				PRODUCT_NAME = "$(TARGET_NAME)";
				SWIFT_VERSION = 5.0;
				TARGETED_DEVICE_FAMILY = "1,2";
			};
			name = Debug;
		};
		846467AD2549ACFD0091EEAC /* Release */ = {
			isa = XCBuildConfiguration;
			baseConfigurationReference = 8334B8687B2C7CF9D2E050C3 /* Pods-TestTaskWeather.release.xcconfig */;
			buildSettings = {
				ASSETCATALOG_COMPILER_APPICON_NAME = AppIcon;
				ASSETCATALOG_COMPILER_GLOBAL_ACCENT_COLOR_NAME = AccentColor;
				CODE_SIGN_STYLE = Automatic;
				DEVELOPMENT_TEAM = 8CMXWZDT97;
				INFOPLIST_FILE = "TestTaskWeather/Supporting files/Info.plist";
				IPHONEOS_DEPLOYMENT_TARGET = 13.5;
				LD_RUNPATH_SEARCH_PATHS = (
					"$(inherited)",
					"@executable_path/Frameworks",
				);
				PRODUCT_BUNDLE_IDENTIFIER = TestTaskWeather.TestTaskWeather;
				PRODUCT_NAME = "$(TARGET_NAME)";
				SWIFT_VERSION = 5.0;
				TARGETED_DEVICE_FAMILY = "1,2";
			};
			name = Release;
		};
		846467AF2549ACFD0091EEAC /* Debug */ = {
			isa = XCBuildConfiguration;
			baseConfigurationReference = D2637CE4407CAC9455DC42D3 /* Pods-TestTaskWeatherTests.debug.xcconfig */;
			buildSettings = {
				ALWAYS_EMBED_SWIFT_STANDARD_LIBRARIES = YES;
				BUNDLE_LOADER = "$(TEST_HOST)";
				CODE_SIGN_STYLE = Automatic;
				DEVELOPMENT_TEAM = 8CMXWZDT97;
				INFOPLIST_FILE = TestTaskWeatherTests/Info.plist;
				IPHONEOS_DEPLOYMENT_TARGET = 14.0;
				LD_RUNPATH_SEARCH_PATHS = (
					"$(inherited)",
					"@executable_path/Frameworks",
					"@loader_path/Frameworks",
				);
				PRODUCT_BUNDLE_IDENTIFIER = TestTaskWeather.TestTaskWeatherTests;
				PRODUCT_NAME = "$(TARGET_NAME)";
				SWIFT_VERSION = 5.0;
				TARGETED_DEVICE_FAMILY = "1,2";
				TEST_HOST = "$(BUILT_PRODUCTS_DIR)/TestTaskWeather.app/TestTaskWeather";
			};
			name = Debug;
		};
		846467B02549ACFD0091EEAC /* Release */ = {
			isa = XCBuildConfiguration;
			baseConfigurationReference = 02B3C2ACDC2DCAA264F830E7 /* Pods-TestTaskWeatherTests.release.xcconfig */;
			buildSettings = {
				ALWAYS_EMBED_SWIFT_STANDARD_LIBRARIES = YES;
				BUNDLE_LOADER = "$(TEST_HOST)";
				CODE_SIGN_STYLE = Automatic;
				DEVELOPMENT_TEAM = 8CMXWZDT97;
				INFOPLIST_FILE = TestTaskWeatherTests/Info.plist;
				IPHONEOS_DEPLOYMENT_TARGET = 14.0;
				LD_RUNPATH_SEARCH_PATHS = (
					"$(inherited)",
					"@executable_path/Frameworks",
					"@loader_path/Frameworks",
				);
				PRODUCT_BUNDLE_IDENTIFIER = TestTaskWeather.TestTaskWeatherTests;
				PRODUCT_NAME = "$(TARGET_NAME)";
				SWIFT_VERSION = 5.0;
				TARGETED_DEVICE_FAMILY = "1,2";
				TEST_HOST = "$(BUILT_PRODUCTS_DIR)/TestTaskWeather.app/TestTaskWeather";
			};
			name = Release;
		};
		846467B22549ACFD0091EEAC /* Debug */ = {
			isa = XCBuildConfiguration;
			baseConfigurationReference = B330720BE14C4A68E38607D7 /* Pods-TestTaskWeather-TestTaskWeatherUITests.debug.xcconfig */;
			buildSettings = {
				ALWAYS_EMBED_SWIFT_STANDARD_LIBRARIES = YES;
				CODE_SIGN_STYLE = Automatic;
				DEVELOPMENT_TEAM = 8CMXWZDT97;
				INFOPLIST_FILE = TestTaskWeatherUITests/Info.plist;
				LD_RUNPATH_SEARCH_PATHS = (
					"$(inherited)",
					"@executable_path/Frameworks",
					"@loader_path/Frameworks",
				);
				PRODUCT_BUNDLE_IDENTIFIER = TestTaskWeather.TestTaskWeatherUITests;
				PRODUCT_NAME = "$(TARGET_NAME)";
				SWIFT_VERSION = 5.0;
				TARGETED_DEVICE_FAMILY = "1,2";
				TEST_TARGET_NAME = TestTaskWeather;
			};
			name = Debug;
		};
		846467B32549ACFD0091EEAC /* Release */ = {
			isa = XCBuildConfiguration;
			baseConfigurationReference = 34C47238DD46BE0CB68796B2 /* Pods-TestTaskWeather-TestTaskWeatherUITests.release.xcconfig */;
			buildSettings = {
				ALWAYS_EMBED_SWIFT_STANDARD_LIBRARIES = YES;
				CODE_SIGN_STYLE = Automatic;
				DEVELOPMENT_TEAM = 8CMXWZDT97;
				INFOPLIST_FILE = TestTaskWeatherUITests/Info.plist;
				LD_RUNPATH_SEARCH_PATHS = (
					"$(inherited)",
					"@executable_path/Frameworks",
					"@loader_path/Frameworks",
				);
				PRODUCT_BUNDLE_IDENTIFIER = TestTaskWeather.TestTaskWeatherUITests;
				PRODUCT_NAME = "$(TARGET_NAME)";
				SWIFT_VERSION = 5.0;
				TARGETED_DEVICE_FAMILY = "1,2";
				TEST_TARGET_NAME = TestTaskWeather;
			};
			name = Release;
		};
/* End XCBuildConfiguration section */

/* Begin XCConfigurationList section */
		8464677C2549ACFB0091EEAC /* Build configuration list for PBXProject "TestTaskWeather" */ = {
			isa = XCConfigurationList;
			buildConfigurations = (
				846467A92549ACFD0091EEAC /* Debug */,
				846467AA2549ACFD0091EEAC /* Release */,
			);
			defaultConfigurationIsVisible = 0;
			defaultConfigurationName = Release;
		};
		846467AB2549ACFD0091EEAC /* Build configuration list for PBXNativeTarget "TestTaskWeather" */ = {
			isa = XCConfigurationList;
			buildConfigurations = (
				846467AC2549ACFD0091EEAC /* Debug */,
				846467AD2549ACFD0091EEAC /* Release */,
			);
			defaultConfigurationIsVisible = 0;
			defaultConfigurationName = Release;
		};
		846467AE2549ACFD0091EEAC /* Build configuration list for PBXNativeTarget "TestTaskWeatherTests" */ = {
			isa = XCConfigurationList;
			buildConfigurations = (
				846467AF2549ACFD0091EEAC /* Debug */,
				846467B02549ACFD0091EEAC /* Release */,
			);
			defaultConfigurationIsVisible = 0;
			defaultConfigurationName = Release;
		};
		846467B12549ACFD0091EEAC /* Build configuration list for PBXNativeTarget "TestTaskWeatherUITests" */ = {
			isa = XCConfigurationList;
			buildConfigurations = (
				846467B22549ACFD0091EEAC /* Debug */,
				846467B32549ACFD0091EEAC /* Release */,
			);
			defaultConfigurationIsVisible = 0;
			defaultConfigurationName = Release;
		};
/* End XCConfigurationList section */
	};
	rootObject = 846467792549ACFB0091EEAC /* Project object */;
}
